{
  "name": "packages",
  "lockfileVersion": 3,
  "requires": true,
  "packages": {
    "browser": {
      "name": "@qiniu/browser-upload",
      "version": "1.0.0-rc.1",
      "extraneous": true,
      "license": "MIT",
      "devDependencies": {
        "@internal/common": "*",
        "@rollup/plugin-babel": "^5.3.1",
        "@rollup/plugin-commonjs": "^22.0.1",
        "@rollup/plugin-node-resolve": "^13.3.0",
        "@types/wechat-miniprogram": "^3.4.7",
        "rollup": "^2.77.0",
        "rollup-plugin-typescript2": "^0.32.1"
      }
    },
    "common": {
      "name": "@internal/common",
      "version": "1.0.0",
      "extraneous": true,
      "license": "ISC"
    },
    "wechat-miniprogram": {
      "name": "@qiniu/wechat-miniprogram-upload",
      "version": "1.0.0-rc.4",
      "extraneous": true,
      "license": "MIT",
      "devDependencies": {
        "@internal/common": "*",
        "@rollup/plugin-babel": "^5.3.1",
        "@rollup/plugin-commonjs": "^22.0.1",
        "@rollup/plugin-node-resolve": "^13.3.0",
        "@types/wechat-miniprogram": "^3.4.7",
        "rollup": "^2.77.0",
        "rollup-plugin-typescript2": "^0.32.1"
      }
    }
  }
}
